
Microsoft Visual Studio Solution File, Format Version 12.00
# Visual Studio Version 17
VisualStudioVersion = 17.4.33027.239
MinimumVisualStudioVersion = 10.0.40219.1
Project("{FAE04EC0-301F-11D3-BF4B-00C04F79EFBC}") = "KonsulAhli.Tools", "KonsulAhli.Tools\KonsulAhli.Tools.csproj", "{D22A0B45-76D0-45DF-860F-FBFE36F591B7}"
EndProject
Project("{FAE04EC0-301F-11D3-BF4B-00C04F79EFBC}") = "KonsulAhli", "KonsulAhli\KonsulAhli.csproj", "{88EFAAB7-0405-41F7-92CC-F62C70112B10}"
EndProject
Global
	GlobalSection(SolutionConfigurationPlatforms) = preSolution
		Debug|Any CPU = Debug|Any CPU
		Release|Any CPU = Release|Any CPU
	EndGlobalSection
	GlobalSection(ProjectConfigurationPlatforms) = postSolution
		{D22A0B45-76D0-45DF-860F-FBFE36F591B7}.Debug|Any CPU.ActiveCfg = Debug|Any CPU
		{D22A0B45-76D0-45DF-860F-FBFE36F591B7}.Debug|Any CPU.Build.0 = Debug|Any CPU
		{D22A0B45-76D0-45DF-860F-FBFE36F591B7}.Release|Any CPU.ActiveCfg = Release|Any CPU
		{D22A0B45-76D0-45DF-860F-FBFE36F591B7}.Release|Any CPU.Build.0 = Release|Any CPU
		{88EFAAB7-0405-41F7-92CC-F62C70112B10}.Debug|Any CPU.ActiveCfg = Debug|Any CPU
		{88EFAAB7-0405-41F7-92CC-F62C70112B10}.Debug|Any CPU.Build.0 = Debug|Any CPU
		{88EFAAB7-0405-41F7-92CC-F62C70112B10}.Release|Any CPU.ActiveCfg = Release|Any CPU
		{88EFAAB7-0405-41F7-92CC-F62C70112B10}.Release|Any CPU.Build.0 = Release|Any CPU
	EndGlobalSection
	GlobalSection(SolutionProperties) = preSolution
		HideSolutionNode = FALSE
	EndGlobalSection
	GlobalSection(ExtensibilityGlobals) = postSolution
		SolutionGuid = {AF833B51-0484-4872-9CC2-0397E3625AE0}
	EndGlobalSection
EndGlobal
